// !$*UTF8*$!
{
	archiveVersion = 1;
	classes = {
	};
	objectVersion = 55;
	objects = {

/* Begin PBXBuildFile section */
		C63E308628DA52AF004525C4 /* Profile.swift in Sources */ = {isa = PBXBuildFile; fileRef = C63E308528DA52AE004525C4 /* Profile.swift */; };
		C63E308828DA5689004525C4 /* ProfileHost.swift in Sources */ = {isa = PBXBuildFile; fileRef = C63E308728DA5689004525C4 /* ProfileHost.swift */; };
		C63E308A28DA57E4004525C4 /* ProfileSummary.swift in Sources */ = {isa = PBXBuildFile; fileRef = C63E308928DA57E4004525C4 /* ProfileSummary.swift */; };
		C63E308C28DA599E004525C4 /* HikeBadge.swift in Sources */ = {isa = PBXBuildFile; fileRef = C63E308B28DA599E004525C4 /* HikeBadge.swift */; };
		C63E309328DA6570004525C4 /* hikeData.json in Resources */ = {isa = PBXBuildFile; fileRef = C63E308D28DA6570004525C4 /* hikeData.json */; };
		C63E309428DA6570004525C4 /* GraphCapsule.swift in Sources */ = {isa = PBXBuildFile; fileRef = C63E308F28DA6570004525C4 /* GraphCapsule.swift */; };
		C63E309528DA6570004525C4 /* HikeGraph.swift in Sources */ = {isa = PBXBuildFile; fileRef = C63E309028DA6570004525C4 /* HikeGraph.swift */; };
		C63E309628DA6570004525C4 /* HikeDetail.swift in Sources */ = {isa = PBXBuildFile; fileRef = C63E309128DA6570004525C4 /* HikeDetail.swift */; };
		C63E309728DA6570004525C4 /* HikeView.swift in Sources */ = {isa = PBXBuildFile; fileRef = C63E309228DA6570004525C4 /* HikeView.swift */; };
		C63E309928DA65C1004525C4 /* Hike.swift in Sources */ = {isa = PBXBuildFile; fileRef = C63E309828DA65C1004525C4 /* Hike.swift */; };
		C6553AAA28DCEA75007B0607 /* ProfileEditor.swift in Sources */ = {isa = PBXBuildFile; fileRef = C6553AA928DCEA75007B0607 /* ProfileEditor.swift */; };
		C6553AAE28E89C17007B0607 /* PageViewController.swift in Sources */ = {isa = PBXBuildFile; fileRef = C6553AAD28E89C17007B0607 /* PageViewController.swift */; };
		C6584DE828B8B5D900C99EBC /* landmarkData.json in Resources */ = {isa = PBXBuildFile; fileRef = C6584DE728B8B5D900C99EBC /* landmarkData.json */; };
		C684A80428B4B04E00F97635 /* LandmarksApp.swift in Sources */ = {isa = PBXBuildFile; fileRef = C684A80328B4B04E00F97635 /* LandmarksApp.swift */; };
		C684A80628B4B04E00F97635 /* ContentView.swift in Sources */ = {isa = PBXBuildFile; fileRef = C684A80528B4B04E00F97635 /* ContentView.swift */; };
		C684A80B28B4B05100F97635 /* Preview Assets.xcassets in Resources */ = {isa = PBXBuildFile; fileRef = C684A80A28B4B05100F97635 /* Preview Assets.xcassets */; };
		C684A81528B4B05100F97635 /* LandmarksTests.swift in Sources */ = {isa = PBXBuildFile; fileRef = C684A81428B4B05100F97635 /* LandmarksTests.swift */; };
		C684A81F28B4B05100F97635 /* LandmarksUITests.swift in Sources */ = {isa = PBXBuildFile; fileRef = C684A81E28B4B05100F97635 /* LandmarksUITests.swift */; };
		C684A82128B4B05100F97635 /* LandmarksUITestsLaunchTests.swift in Sources */ = {isa = PBXBuildFile; fileRef = C684A82028B4B05100F97635 /* LandmarksUITestsLaunchTests.swift */; };
		C684A82E28B4BC4400F97635 /* CircleImage.swift in Sources */ = {isa = PBXBuildFile; fileRef = C684A82D28B4BC4300F97635 /* CircleImage.swift */; };
		C684A83028B4BDFB00F97635 /* MapView.swift in Sources */ = {isa = PBXBuildFile; fileRef = C684A82F28B4BDFB00F97635 /* MapView.swift */; };
		C6ACA87B28CF3DC10010DBFD /* FavoriteButton.swift in Sources */ = {isa = PBXBuildFile; fileRef = C6ACA87A28CF3DC00010DBFD /* FavoriteButton.swift */; };
		C6ACA87D28D0623A0010DBFD /* CategoryHome.swift in Sources */ = {isa = PBXBuildFile; fileRef = C6ACA87C28D062390010DBFD /* CategoryHome.swift */; };
		C6ACA87F28D069D60010DBFD /* CategoryRow.swift in Sources */ = {isa = PBXBuildFile; fileRef = C6ACA87E28D069D50010DBFD /* CategoryRow.swift */; };
		C6ACA88128D06C920010DBFD /* CategoryItem.swift in Sources */ = {isa = PBXBuildFile; fileRef = C6ACA88028D06C920010DBFD /* CategoryItem.swift */; };
		C6DE892E28BCAED400C783C7 /* Assets.xcassets in Resources */ = {isa = PBXBuildFile; fileRef = C6DE892D28BCAED400C783C7 /* Assets.xcassets */; };
		C6DE893028BCAFAC00C783C7 /* LandmarkList.swift in Sources */ = {isa = PBXBuildFile; fileRef = C6DE892F28BCAFAC00C783C7 /* LandmarkList.swift */; };
		C6DE893228BCB61B00C783C7 /* LandmarkDetail.swift in Sources */ = {isa = PBXBuildFile; fileRef = C6DE893128BCB61B00C783C7 /* LandmarkDetail.swift */; };
		C6E0E38D28B7899F000947E9 /* Landmark.swift in Sources */ = {isa = PBXBuildFile; fileRef = C6E0E38C28B7899F000947E9 /* Landmark.swift */; };
		C6E0E38F28B78CAC000947E9 /* ModelData.swift in Sources */ = {isa = PBXBuildFile; fileRef = C6E0E38E28B78CAC000947E9 /* ModelData.swift */; };
		C6E0E39328B7909E000947E9 /* LandmarkRow.swift in Sources */ = {isa = PBXBuildFile; fileRef = C6E0E39228B7909E000947E9 /* LandmarkRow.swift */; };
/* End PBXBuildFile section */

/* Begin PBXContainerItemProxy section */
		C684A81128B4B05100F97635 /* PBXContainerItemProxy */ = {
			isa = PBXContainerItemProxy;
			containerPortal = C684A7F828B4B04E00F97635 /* Project object */;
			proxyType = 1;
			remoteGlobalIDString = C684A7FF28B4B04E00F97635;
			remoteInfo = Landmarks;
		};
		C684A81B28B4B05100F97635 /* PBXContainerItemProxy */ = {
			isa = PBXContainerItemProxy;
			containerPortal = C684A7F828B4B04E00F97635 /* Project object */;
			proxyType = 1;
			remoteGlobalIDString = C684A7FF28B4B04E00F97635;
			remoteInfo = Landmarks;
		};
/* End PBXContainerItemProxy section */

/* Begin PBXFileReference section */
		C63E308528DA52AE004525C4 /* Profile.swift */ = {isa = PBXFileReference; lastKnownFileType = sourcecode.swift; path = Profile.swift; sourceTree = "<group>"; };
		C63E308728DA5689004525C4 /* ProfileHost.swift */ = {isa = PBXFileReference; lastKnownFileType = sourcecode.swift; path = ProfileHost.swift; sourceTree = "<group>"; };
		C63E308928DA57E4004525C4 /* ProfileSummary.swift */ = {isa = PBXFileReference; lastKnownFileType = sourcecode.swift; path = ProfileSummary.swift; sourceTree = "<group>"; };
		C63E308B28DA599E004525C4 /* HikeBadge.swift */ = {isa = PBXFileReference; lastKnownFileType = sourcecode.swift; path = HikeBadge.swift; sourceTree = "<group>"; };
		C63E308D28DA6570004525C4 /* hikeData.json */ = {isa = PBXFileReference; fileEncoding = 4; lastKnownFileType = text.json; path = hikeData.json; sourceTree = "<group>"; };
		C63E308F28DA6570004525C4 /* GraphCapsule.swift */ = {isa = PBXFileReference; fileEncoding = 4; lastKnownFileType = sourcecode.swift; path = GraphCapsule.swift; sourceTree = "<group>"; };
		C63E309028DA6570004525C4 /* HikeGraph.swift */ = {isa = PBXFileReference; fileEncoding = 4; lastKnownFileType = sourcecode.swift; path = HikeGraph.swift; sourceTree = "<group>"; };
		C63E309128DA6570004525C4 /* HikeDetail.swift */ = {isa = PBXFileReference; fileEncoding = 4; lastKnownFileType = sourcecode.swift; path = HikeDetail.swift; sourceTree = "<group>"; };
		C63E309228DA6570004525C4 /* HikeView.swift */ = {isa = PBXFileReference; fileEncoding = 4; lastKnownFileType = sourcecode.swift; path = HikeView.swift; sourceTree = "<group>"; };
		C63E309828DA65C1004525C4 /* Hike.swift */ = {isa = PBXFileReference; lastKnownFileType = sourcecode.swift; path = Hike.swift; sourceTree = "<group>"; };
		C6553AA928DCEA75007B0607 /* ProfileEditor.swift */ = {isa = PBXFileReference; lastKnownFileType = sourcecode.swift; path = ProfileEditor.swift; sourceTree = "<group>"; };
		C6553AAD28E89C17007B0607 /* PageViewController.swift */ = {isa = PBXFileReference; lastKnownFileType = sourcecode.swift; path = PageViewController.swift; sourceTree = "<group>"; };
		C6584DE728B8B5D900C99EBC /* landmarkData.json */ = {isa = PBXFileReference; fileEncoding = 4; lastKnownFileType = text.json; name = landmarkData.json; path = ../../../Downloads/BuildingListsAndNavigation/Complete/Landmarks/Resources/landmarkData.json; sourceTree = "<group>"; };
		C684A80028B4B04E00F97635 /* Landmarks.app */ = {isa = PBXFileReference; explicitFileType = wrapper.application; includeInIndex = 0; path = Landmarks.app; sourceTree = BUILT_PRODUCTS_DIR; };
		C684A80328B4B04E00F97635 /* LandmarksApp.swift */ = {isa = PBXFileReference; lastKnownFileType = sourcecode.swift; path = LandmarksApp.swift; sourceTree = "<group>"; };
		C684A80528B4B04E00F97635 /* ContentView.swift */ = {isa = PBXFileReference; lastKnownFileType = sourcecode.swift; path = ContentView.swift; sourceTree = "<group>"; };
		C684A80A28B4B05100F97635 /* Preview Assets.xcassets */ = {isa = PBXFileReference; lastKnownFileType = folder.assetcatalog; path = "Preview Assets.xcassets"; sourceTree = "<group>"; };
		C684A81028B4B05100F97635 /* LandmarksTests.xctest */ = {isa = PBXFileReference; explicitFileType = wrapper.cfbundle; includeInIndex = 0; path = LandmarksTests.xctest; sourceTree = BUILT_PRODUCTS_DIR; };
		C684A81428B4B05100F97635 /* LandmarksTests.swift */ = {isa = PBXFileReference; lastKnownFileType = sourcecode.swift; path = LandmarksTests.swift; sourceTree = "<group>"; };
		C684A81A28B4B05100F97635 /* LandmarksUITests.xctest */ = {isa = PBXFileReference; explicitFileType = wrapper.cfbundle; includeInIndex = 0; path = LandmarksUITests.xctest; sourceTree = BUILT_PRODUCTS_DIR; };
		C684A81E28B4B05100F97635 /* LandmarksUITests.swift */ = {isa = PBXFileReference; lastKnownFileType = sourcecode.swift; path = LandmarksUITests.swift; sourceTree = "<group>"; };
		C684A82028B4B05100F97635 /* LandmarksUITestsLaunchTests.swift */ = {isa = PBXFileReference; lastKnownFileType = sourcecode.swift; path = LandmarksUITestsLaunchTests.swift; sourceTree = "<group>"; };
		C684A82D28B4BC4300F97635 /* CircleImage.swift */ = {isa = PBXFileReference; lastKnownFileType = sourcecode.swift; path = CircleImage.swift; sourceTree = "<group>"; };
		C684A82F28B4BDFB00F97635 /* MapView.swift */ = {isa = PBXFileReference; lastKnownFileType = sourcecode.swift; path = MapView.swift; sourceTree = "<group>"; };
		C6ACA87A28CF3DC00010DBFD /* FavoriteButton.swift */ = {isa = PBXFileReference; lastKnownFileType = sourcecode.swift; path = FavoriteButton.swift; sourceTree = "<group>"; };
		C6ACA87C28D062390010DBFD /* CategoryHome.swift */ = {isa = PBXFileReference; lastKnownFileType = sourcecode.swift; path = CategoryHome.swift; sourceTree = "<group>"; };
		C6ACA87E28D069D50010DBFD /* CategoryRow.swift */ = {isa = PBXFileReference; lastKnownFileType = sourcecode.swift; path = CategoryRow.swift; sourceTree = "<group>"; };
		C6ACA88028D06C920010DBFD /* CategoryItem.swift */ = {isa = PBXFileReference; lastKnownFileType = sourcecode.swift; path = CategoryItem.swift; sourceTree = "<group>"; };
		C6DE892D28BCAED400C783C7 /* Assets.xcassets */ = {isa = PBXFileReference; lastKnownFileType = folder.assetcatalog; name = Assets.xcassets; path = ../../../Downloads/BuildingListsAndNavigation/Complete/Landmarks/Assets.xcassets; sourceTree = "<group>"; };
		C6DE892F28BCAFAC00C783C7 /* LandmarkList.swift */ = {isa = PBXFileReference; lastKnownFileType = sourcecode.swift; path = LandmarkList.swift; sourceTree = "<group>"; };
		C6DE893128BCB61B00C783C7 /* LandmarkDetail.swift */ = {isa = PBXFileReference; lastKnownFileType = sourcecode.swift; path = LandmarkDetail.swift; sourceTree = "<group>"; };
		C6E0E38C28B7899F000947E9 /* Landmark.swift */ = {isa = PBXFileReference; lastKnownFileType = sourcecode.swift; path = Landmark.swift; sourceTree = "<group>"; };
		C6E0E38E28B78CAC000947E9 /* ModelData.swift */ = {isa = PBXFileReference; lastKnownFileType = sourcecode.swift; path = ModelData.swift; sourceTree = "<group>"; };
		C6E0E39228B7909E000947E9 /* LandmarkRow.swift */ = {isa = PBXFileReference; lastKnownFileType = sourcecode.swift; path = LandmarkRow.swift; sourceTree = "<group>"; };
/* End PBXFileReference section */

/* Begin PBXFrameworksBuildPhase section */
		C684A7FD28B4B04E00F97635 /* Frameworks */ = {
			isa = PBXFrameworksBuildPhase;
			buildActionMask = 2147483647;
			files = (
			);
			runOnlyForDeploymentPostprocessing = 0;
		};
		C684A80D28B4B05100F97635 /* Frameworks */ = {
			isa = PBXFrameworksBuildPhase;
			buildActionMask = 2147483647;
			files = (
			);
			runOnlyForDeploymentPostprocessing = 0;
		};
		C684A81728B4B05100F97635 /* Frameworks */ = {
			isa = PBXFrameworksBuildPhase;
			buildActionMask = 2147483647;
			files = (
			);
			runOnlyForDeploymentPostprocessing = 0;
		};
/* End PBXFrameworksBuildPhase section */

/* Begin PBXGroup section */
		C63E308E28DA6570004525C4 /* Hikes */ = {
			isa = PBXGroup;
			children = (
				C63E308F28DA6570004525C4 /* GraphCapsule.swift */,
				C63E309028DA6570004525C4 /* HikeGraph.swift */,
				C63E309128DA6570004525C4 /* HikeDetail.swift */,
				C63E309228DA6570004525C4 /* HikeView.swift */,
			);
			path = Hikes;
			sourceTree = "<group>";
		};
		C684A7F728B4B04E00F97635 = {
			isa = PBXGroup;
			children = (
				C684A80228B4B04E00F97635 /* Landmarks */,
				C684A81328B4B05100F97635 /* LandmarksTests */,
				C684A81D28B4B05100F97635 /* LandmarksUITests */,
				C684A80128B4B04E00F97635 /* Products */,
			);
			sourceTree = "<group>";
		};
		C684A80128B4B04E00F97635 /* Products */ = {
			isa = PBXGroup;
			children = (
				C684A80028B4B04E00F97635 /* Landmarks.app */,
				C684A81028B4B05100F97635 /* LandmarksTests.xctest */,
				C684A81A28B4B05100F97635 /* LandmarksUITests.xctest */,
			);
			name = Products;
			sourceTree = "<group>";
		};
		C684A80228B4B04E00F97635 /* Landmarks */ = {
			isa = PBXGroup;
			children = (
				C6E0E38C28B7899F000947E9 /* Landmark.swift */,
				C6E0E38E28B78CAC000947E9 /* ModelData.swift */,
				C684A82F28B4BDFB00F97635 /* MapView.swift */,
				C684A82D28B4BC4300F97635 /* CircleImage.swift */,
				C6584DE728B8B5D900C99EBC /* landmarkData.json */,
				C63E308D28DA6570004525C4 /* hikeData.json */,
				C63E308E28DA6570004525C4 /* Hikes */,
				C684A80528B4B04E00F97635 /* ContentView.swift */,
				C6E0E39228B7909E000947E9 /* LandmarkRow.swift */,
				C6DE892D28BCAED400C783C7 /* Assets.xcassets */,
				C684A80328B4B04E00F97635 /* LandmarksApp.swift */,
				C684A80928B4B05100F97635 /* Preview Content */,
				C6DE892F28BCAFAC00C783C7 /* LandmarkList.swift */,
				C6DE893128BCB61B00C783C7 /* LandmarkDetail.swift */,
				C6ACA87A28CF3DC00010DBFD /* FavoriteButton.swift */,
				C6ACA87C28D062390010DBFD /* CategoryHome.swift */,
				C6ACA87E28D069D50010DBFD /* CategoryRow.swift */,
				C6ACA88028D06C920010DBFD /* CategoryItem.swift */,
				C63E308528DA52AE004525C4 /* Profile.swift */,
				C63E308728DA5689004525C4 /* ProfileHost.swift */,
				C63E308928DA57E4004525C4 /* ProfileSummary.swift */,
				C63E308B28DA599E004525C4 /* HikeBadge.swift */,
				C63E309828DA65C1004525C4 /* Hike.swift */,
				C6553AA928DCEA75007B0607 /* ProfileEditor.swift */,
				C6553AAD28E89C17007B0607 /* PageViewController.swift */,
			);
			path = Landmarks;
			sourceTree = "<group>";
		};
		C684A80928B4B05100F97635 /* Preview Content */ = {
			isa = PBXGroup;
			children = (
				C684A80A28B4B05100F97635 /* Preview Assets.xcassets */,
			);
			path = "Preview Content";
			sourceTree = "<group>";
		};
		C684A81328B4B05100F97635 /* LandmarksTests */ = {
			isa = PBXGroup;
			children = (
				C684A81428B4B05100F97635 /* LandmarksTests.swift */,
			);
			path = LandmarksTests;
			sourceTree = "<group>";
		};
		C684A81D28B4B05100F97635 /* LandmarksUITests */ = {
			isa = PBXGroup;
			children = (
				C684A81E28B4B05100F97635 /* LandmarksUITests.swift */,
				C684A82028B4B05100F97635 /* LandmarksUITestsLaunchTests.swift */,
			);
			path = LandmarksUITests;
			sourceTree = "<group>";
		};
/* End PBXGroup section */

/* Begin PBXNativeTarget section */
		C684A7FF28B4B04E00F97635 /* Landmarks */ = {
			isa = PBXNativeTarget;
			buildConfigurationList = C684A82428B4B05100F97635 /* Build configuration list for PBXNativeTarget "Landmarks" */;
			buildPhases = (
				C684A7FC28B4B04E00F97635 /* Sources */,
				C684A7FD28B4B04E00F97635 /* Frameworks */,
				C684A7FE28B4B04E00F97635 /* Resources */,
			);
			buildRules = (
			);
			dependencies = (
			);
			name = Landmarks;
			productName = Landmarks;
			productReference = C684A80028B4B04E00F97635 /* Landmarks.app */;
			productType = "com.apple.product-type.application";
		};
		C684A80F28B4B05100F97635 /* LandmarksTests */ = {
			isa = PBXNativeTarget;
			buildConfigurationList = C684A82728B4B05100F97635 /* Build configuration list for PBXNativeTarget "LandmarksTests" */;
			buildPhases = (
				C684A80C28B4B05100F97635 /* Sources */,
				C684A80D28B4B05100F97635 /* Frameworks */,
				C684A80E28B4B05100F97635 /* Resources */,
			);
			buildRules = (
			);
			dependencies = (
				C684A81228B4B05100F97635 /* PBXTargetDependency */,
			);
			name = LandmarksTests;
			productName = LandmarksTests;
			productReference = C684A81028B4B05100F97635 /* LandmarksTests.xctest */;
			productType = "com.apple.product-type.bundle.unit-test";
		};
		C684A81928B4B05100F97635 /* LandmarksUITests */ = {
			isa = PBXNativeTarget;
			buildConfigurationList = C684A82A28B4B05100F97635 /* Build configuration list for PBXNativeTarget "LandmarksUITests" */;
			buildPhases = (
				C684A81628B4B05100F97635 /* Sources */,
				C684A81728B4B05100F97635 /* Frameworks */,
				C684A81828B4B05100F97635 /* Resources */,
			);
			buildRules = (
			);
			dependencies = (
				C684A81C28B4B05100F97635 /* PBXTargetDependency */,
			);
			name = LandmarksUITests;
			productName = LandmarksUITests;
			productReference = C684A81A28B4B05100F97635 /* LandmarksUITests.xctest */;
			productType = "com.apple.product-type.bundle.ui-testing";
		};
/* End PBXNativeTarget section */

/* Begin PBXProject section */
		C684A7F828B4B04E00F97635 /* Project object */ = {
			isa = PBXProject;
			attributes = {
				BuildIndependentTargetsInParallel = 1;
				LastSwiftUpdateCheck = 1320;
				LastUpgradeCheck = 1320;
				TargetAttributes = {
					C684A7FF28B4B04E00F97635 = {
						CreatedOnToolsVersion = 13.2.1;
					};
					C684A80F28B4B05100F97635 = {
						CreatedOnToolsVersion = 13.2.1;
						TestTargetID = C684A7FF28B4B04E00F97635;
					};
					C684A81928B4B05100F97635 = {
						CreatedOnToolsVersion = 13.2.1;
						TestTargetID = C684A7FF28B4B04E00F97635;
					};
				};
			};
			buildConfigurationList = C684A7FB28B4B04E00F97635 /* Build configuration list for PBXProject "Landmarks" */;
			compatibilityVersion = "Xcode 13.0";
			developmentRegion = en;
			hasScannedForEncodings = 0;
			knownRegions = (
				en,
				Base,
			);
			mainGroup = C684A7F728B4B04E00F97635;
			productRefGroup = C684A80128B4B04E00F97635 /* Products */;
			projectDirPath = "";
			projectRoot = "";
			targets = (
				C684A7FF28B4B04E00F97635 /* Landmarks */,
				C684A80F28B4B05100F97635 /* LandmarksTests */,
				C684A81928B4B05100F97635 /* LandmarksUITests */,
			);
		};
/* End PBXProject section */

/* Begin PBXResourcesBuildPhase section */
		C684A7FE28B4B04E00F97635 /* Resources */ = {
			isa = PBXResourcesBuildPhase;
			buildActionMask = 2147483647;
			files = (
				C63E309328DA6570004525C4 /* hikeData.json in Resources */,
				C684A80B28B4B05100F97635 /* Preview Assets.xcassets in Resources */,
				C6DE892E28BCAED400C783C7 /* Assets.xcassets in Resources */,
				C6584DE828B8B5D900C99EBC /* landmarkData.json in Resources */,
			);
			runOnlyForDeploymentPostprocessing = 0;
		};
		C684A80E28B4B05100F97635 /* Resources */ = {
			isa = PBXResourcesBuildPhase;
			buildActionMask = 2147483647;
			files = (
			);
			runOnlyForDeploymentPostprocessing = 0;
		};
		C684A81828B4B05100F97635 /* Resources */ = {
			isa = PBXResourcesBuildPhase;
			buildActionMask = 2147483647;
			files = (
			);
			runOnlyForDeploymentPostprocessing = 0;
		};
/* End PBXResourcesBuildPhase section */

/* Begin PBXSourcesBuildPhase section */
		C684A7FC28B4B04E00F97635 /* Sources */ = {
			isa = PBXSourcesBuildPhase;
			buildActionMask = 2147483647;
			files = (
				C684A80628B4B04E00F97635 /* ContentView.swift in Sources */,
				C684A83028B4BDFB00F97635 /* MapView.swift in Sources */,
				C684A80428B4B04E00F97635 /* LandmarksApp.swift in Sources */,
				C63E308828DA5689004525C4 /* ProfileHost.swift in Sources */,
				C63E309528DA6570004525C4 /* HikeGraph.swift in Sources */,
				C63E308628DA52AF004525C4 /* Profile.swift in Sources */,
				C6ACA87B28CF3DC10010DBFD /* FavoriteButton.swift in Sources */,
				C6ACA87D28D0623A0010DBFD /* CategoryHome.swift in Sources */,
				C6DE893028BCAFAC00C783C7 /* LandmarkList.swift in Sources */,
				C6DE893228BCB61B00C783C7 /* LandmarkDetail.swift in Sources */,
				C63E308C28DA599E004525C4 /* HikeBadge.swift in Sources */,
				C684A82E28B4BC4400F97635 /* CircleImage.swift in Sources */,
				C6ACA88128D06C920010DBFD /* CategoryItem.swift in Sources */,
				C6E0E38D28B7899F000947E9 /* Landmark.swift in Sources */,
				C6E0E39328B7909E000947E9 /* LandmarkRow.swift in Sources */,
				C6553AAE28E89C17007B0607 /* PageViewController.swift in Sources */,
				C63E309428DA6570004525C4 /* GraphCapsule.swift in Sources */,
				C63E309728DA6570004525C4 /* HikeView.swift in Sources */,
				C6ACA87F28D069D60010DBFD /* CategoryRow.swift in Sources */,
				C63E308A28DA57E4004525C4 /* ProfileSummary.swift in Sources */,
				C6553AAA28DCEA75007B0607 /* ProfileEditor.swift in Sources */,
				C6E0E38F28B78CAC000947E9 /* ModelData.swift in Sources */,
				C63E309928DA65C1004525C4 /* Hike.swift in Sources */,
				C63E309628DA6570004525C4 /* HikeDetail.swift in Sources */,
			);
			runOnlyForDeploymentPostprocessing = 0;
		};
		C684A80C28B4B05100F97635 /* Sources */ = {
			isa = PBXSourcesBuildPhase;
			buildActionMask = 2147483647;
			files = (
				C684A81528B4B05100F97635 /* LandmarksTests.swift in Sources */,
			);
			runOnlyForDeploymentPostprocessing = 0;
		};
		C684A81628B4B05100F97635 /* Sources */ = {
			isa = PBXSourcesBuildPhase;
			buildActionMask = 2147483647;
			files = (
				C684A82128B4B05100F97635 /* LandmarksUITestsLaunchTests.swift in Sources */,
				C684A81F28B4B05100F97635 /* LandmarksUITests.swift in Sources */,
			);
			runOnlyForDeploymentPostprocessing = 0;
		};
/* End PBXSourcesBuildPhase section */

/* Begin PBXTargetDependency section */
		C684A81228B4B05100F97635 /* PBXTargetDependency */ = {
			isa = PBXTargetDependency;
			target = C684A7FF28B4B04E00F97635 /* Landmarks */;
			targetProxy = C684A81128B4B05100F97635 /* PBXContainerItemProxy */;
		};
		C684A81C28B4B05100F97635 /* PBXTargetDependency */ = {
			isa = PBXTargetDependency;
			target = C684A7FF28B4B04E00F97635 /* Landmarks */;
			targetProxy = C684A81B28B4B05100F97635 /* PBXContainerItemProxy */;
		};
/* End PBXTargetDependency section */

/* Begin XCBuildConfiguration section */
		C684A82228B4B05100F97635 /* Debug */ = {
			isa = XCBuildConfiguration;
			buildSettings = {
				ALWAYS_SEARCH_USER_PATHS = NO;
				CLANG_ANALYZER_NONNULL = YES;
				CLANG_ANALYZER_NUMBER_OBJECT_CONVERSION = YES_AGGRESSIVE;
				CLANG_CXX_LANGUAGE_STANDARD = "gnu++17";
				CLANG_CXX_LIBRARY = "libc++";
				CLANG_ENABLE_MODULES = YES;
				CLANG_ENABLE_OBJC_ARC = YES;
				CLANG_ENABLE_OBJC_WEAK = YES;
				CLANG_WARN_BLOCK_CAPTURE_AUTORELEASING = YES;
				CLANG_WARN_BOOL_CONVERSION = YES;
				CLANG_WARN_COMMA = YES;
				CLANG_WARN_CONSTANT_CONVERSION = YES;
				CLANG_WARN_DEPRECATED_OBJC_IMPLEMENTATIONS = YES;
				CLANG_WARN_DIRECT_OBJC_ISA_USAGE = YES_ERROR;
				CLANG_WARN_DOCUMENTATION_COMMENTS = YES;
				CLANG_WARN_EMPTY_BODY = YES;
				CLANG_WARN_ENUM_CONVERSION = YES;
				CLANG_WARN_INFINITE_RECURSION = YES;
				CLANG_WARN_INT_CONVERSION = YES;
				CLANG_WARN_NON_LITERAL_NULL_CONVERSION = YES;
				CLANG_WARN_OBJC_IMPLICIT_RETAIN_SELF = YES;
				CLANG_WARN_OBJC_LITERAL_CONVERSION = YES;
				CLANG_WARN_OBJC_ROOT_CLASS = YES_ERROR;
				CLANG_WARN_QUOTED_INCLUDE_IN_FRAMEWORK_HEADER = YES;
				CLANG_WARN_RANGE_LOOP_ANALYSIS = YES;
				CLANG_WARN_STRICT_PROTOTYPES = YES;
				CLANG_WARN_SUSPICIOUS_MOVE = YES;
				CLANG_WARN_UNGUARDED_AVAILABILITY = YES_AGGRESSIVE;
				CLANG_WARN_UNREACHABLE_CODE = YES;
				CLANG_WARN__DUPLICATE_METHOD_MATCH = YES;
				COPY_PHASE_STRIP = NO;
				DEBUG_INFORMATION_FORMAT = dwarf;
				ENABLE_STRICT_OBJC_MSGSEND = YES;
				ENABLE_TESTABILITY = YES;
				GCC_C_LANGUAGE_STANDARD = gnu11;
				GCC_DYNAMIC_NO_PIC = NO;
				GCC_NO_COMMON_BLOCKS = YES;
				GCC_OPTIMIZATION_LEVEL = 0;
				GCC_PREPROCESSOR_DEFINITIONS = (
					"DEBUG=1",
					"$(inherited)",
				);
				GCC_WARN_64_TO_32_BIT_CONVERSION = YES;
				GCC_WARN_ABOUT_RETURN_TYPE = YES_ERROR;
				GCC_WARN_UNDECLARED_SELECTOR = YES;
				GCC_WARN_UNINITIALIZED_AUTOS = YES_AGGRESSIVE;
				GCC_WARN_UNUSED_FUNCTION = YES;
				GCC_WARN_UNUSED_VARIABLE = YES;
				IPHONEOS_DEPLOYMENT_TARGET = 15.2;
				MTL_ENABLE_DEBUG_INFO = INCLUDE_SOURCE;
				MTL_FAST_MATH = YES;
				ONLY_ACTIVE_ARCH = YES;
				SDKROOT = iphoneos;
				SWIFT_ACTIVE_COMPILATION_CONDITIONS = DEBUG;
				SWIFT_OPTIMIZATION_LEVEL = "-Onone";
			};
			name = Debug;
		};
		C684A82328B4B05100F97635 /* Release */ = {
			isa = XCBuildConfiguration;
			buildSettings = {
				ALWAYS_SEARCH_USER_PATHS = NO;
				CLANG_ANALYZER_NONNULL = YES;
				CLANG_ANALYZER_NUMBER_OBJECT_CONVERSION = YES_AGGRESSIVE;
				CLANG_CXX_LANGUAGE_STANDARD = "gnu++17";
				CLANG_CXX_LIBRARY = "libc++";
				CLANG_ENABLE_MODULES = YES;
				CLANG_ENABLE_OBJC_ARC = YES;
				CLANG_ENABLE_OBJC_WEAK = YES;
				CLANG_WARN_BLOCK_CAPTURE_AUTORELEASING = YES;
				CLANG_WARN_BOOL_CONVERSION = YES;
				CLANG_WARN_COMMA = YES;
				CLANG_WARN_CONSTANT_CONVERSION = YES;
				CLANG_WARN_DEPRECATED_OBJC_IMPLEMENTATIONS = YES;
				CLANG_WARN_DIRECT_OBJC_ISA_USAGE = YES_ERROR;
				CLANG_WARN_DOCUMENTATION_COMMENTS = YES;
				CLANG_WARN_EMPTY_BODY = YES;
				CLANG_WARN_ENUM_CONVERSION = YES;
				CLANG_WARN_INFINITE_RECURSION = YES;
				CLANG_WARN_INT_CONVERSION = YES;
				CLANG_WARN_NON_LITERAL_NULL_CONVERSION = YES;
				CLANG_WARN_OBJC_IMPLICIT_RETAIN_SELF = YES;
				CLANG_WARN_OBJC_LITERAL_CONVERSION = YES;
				CLANG_WARN_OBJC_ROOT_CLASS = YES_ERROR;
				CLANG_WARN_QUOTED_INCLUDE_IN_FRAMEWORK_HEADER = YES;
				CLANG_WARN_RANGE_LOOP_ANALYSIS = YES;
				CLANG_WARN_STRICT_PROTOTYPES = YES;
				CLANG_WARN_SUSPICIOUS_MOVE = YES;
				CLANG_WARN_UNGUARDED_AVAILABILITY = YES_AGGRESSIVE;
				CLANG_WARN_UNREACHABLE_CODE = YES;
				CLANG_WARN__DUPLICATE_METHOD_MATCH = YES;
				COPY_PHASE_STRIP = NO;
				DEBUG_INFORMATION_FORMAT = "dwarf-with-dsym";
				ENABLE_NS_ASSERTIONS = NO;
				ENABLE_STRICT_OBJC_MSGSEND = YES;
				GCC_C_LANGUAGE_STANDARD = gnu11;
				GCC_NO_COMMON_BLOCKS = YES;
				GCC_WARN_64_TO_32_BIT_CONVERSION = YES;
				GCC_WARN_ABOUT_RETURN_TYPE = YES_ERROR;
				GCC_WARN_UNDECLARED_SELECTOR = YES;
				GCC_WARN_UNINITIALIZED_AUTOS = YES_AGGRESSIVE;
				GCC_WARN_UNUSED_FUNCTION = YES;
				GCC_WARN_UNUSED_VARIABLE = YES;
				IPHONEOS_DEPLOYMENT_TARGET = 15.2;
				MTL_ENABLE_DEBUG_INFO = NO;
				MTL_FAST_MATH = YES;
				SDKROOT = iphoneos;
				SWIFT_COMPILATION_MODE = wholemodule;
				SWIFT_OPTIMIZATION_LEVEL = "-O";
				VALIDATE_PRODUCT = YES;
			};
			name = Release;
		};
		C684A82528B4B05100F97635 /* Debug */ = {
			isa = XCBuildConfiguration;
			buildSettings = {
				ASSETCATALOG_COMPILER_APPICON_NAME = AppIcon;
				ASSETCATALOG_COMPILER_GLOBAL_ACCENT_COLOR_NAME = AccentColor;
				CODE_SIGN_STYLE = Manual;
				CURRENT_PROJECT_VERSION = 1;
				DEVELOPMENT_ASSET_PATHS = "\"Landmarks/Preview Content\"";
				DEVELOPMENT_TEAM = "";
				ENABLE_PREVIEWS = YES;
				GENERATE_INFOPLIST_FILE = YES;
				INFOPLIST_KEY_UIApplicationSceneManifest_Generation = YES;
				INFOPLIST_KEY_UIApplicationSupportsIndirectInputEvents = YES;
				INFOPLIST_KEY_UILaunchScreen_Generation = YES;
				INFOPLIST_KEY_UISupportedInterfaceOrientations_iPad = "UIInterfaceOrientationPortrait UIInterfaceOrientationPortraitUpsideDown UIInterfaceOrientationLandscapeLeft UIInterfaceOrientationLandscapeRight";
				INFOPLIST_KEY_UISupportedInterfaceOrientations_iPhone = "UIInterfaceOrientationPortrait UIInterfaceOrientationLandscapeLeft UIInterfaceOrientationLandscapeRight";
				LD_RUNPATH_SEARCH_PATHS = (
					"$(inherited)",
					"@executable_path/Frameworks",
				);
				MARKETING_VERSION = 1.0;
				PRODUCT_BUNDLE_IDENTIFIER = com.example.Landmarks;
				PRODUCT_NAME = "$(TARGET_NAME)";
				PROVISIONING_PROFILE_SPECIFIER = "";
				SWIFT_EMIT_LOC_STRINGS = YES;
				SWIFT_VERSION = 5.0;
				TARGETED_DEVICE_FAMILY = "1,2";
			};
			name = Debug;
		};
		C684A82628B4B05100F97635 /* Release */ = {
			isa = XCBuildConfiguration;
			buildSettings = {
				ASSETCATALOG_COMPILER_APPICON_NAME = AppIcon;
				ASSETCATALOG_COMPILER_GLOBAL_ACCENT_COLOR_NAME = AccentColor;
				CODE_SIGN_STYLE = Manual;
				CURRENT_PROJECT_VERSION = 1;
				DEVELOPMENT_ASSET_PATHS = "\"Landmarks/Preview Content\"";
				DEVELOPMENT_TEAM = "";
				ENABLE_PREVIEWS = YES;
				GENERATE_INFOPLIST_FILE = YES;
				INFOPLIST_KEY_UIApplicationSceneManifest_Generation = YES;
				INFOPLIST_KEY_UIApplicationSupportsIndirectInputEvents = YES;
				INFOPLIST_KEY_UILaunchScreen_Generation = YES;
				INFOPLIST_KEY_UISupportedInterfaceOrientations_iPad = "UIInterfaceOrientationPortrait UIInterfaceOrientationPortraitUpsideDown UIInterfaceOrientationLandscapeLeft UIInterfaceOrientationLandscapeRight";
				INFOPLIST_KEY_UISupportedInterfaceOrientations_iPhone = "UIInterfaceOrientationPortrait UIInterfaceOrientationLandscapeLeft UIInterfaceOrientationLandscapeRight";
				LD_RUNPATH_SEARCH_PATHS = (
					"$(inherited)",
					"@executable_path/Frameworks",
				);
				MARKETING_VERSION = 1.0;
				PRODUCT_BUNDLE_IDENTIFIER = com.example.Landmarks;
				PRODUCT_NAME = "$(TARGET_NAME)";
				PROVISIONING_PROFILE_SPECIFIER = "";
				SWIFT_EMIT_LOC_STRINGS = YES;
				SWIFT_VERSION = 5.0;
				TARGETED_DEVICE_FAMILY = "1,2";
			};
			name = Release;
		};
		C684A82828B4B05100F97635 /* Debug */ = {
			isa = XCBuildConfiguration;
			buildSettings = {
				ALWAYS_EMBED_SWIFT_STANDARD_LIBRARIES = YES;
				BUNDLE_LOADER = "$(TEST_HOST)";
				CODE_SIGN_STYLE = Automatic;
				CURRENT_PROJECT_VERSION = 1;
				GENERATE_INFOPLIST_FILE = YES;
				IPHONEOS_DEPLOYMENT_TARGET = 15.2;
				MARKETING_VERSION = 1.0;
				PRODUCT_BUNDLE_IDENTIFIER = com.example.LandmarksTests;
				PRODUCT_NAME = "$(TARGET_NAME)";
				SWIFT_EMIT_LOC_STRINGS = NO;
				SWIFT_VERSION = 5.0;
				TARGETED_DEVICE_FAMILY = "1,2";
				TEST_HOST = "$(BUILT_PRODUCTS_DIR)/Landmarks.app/Landmarks";
			};
			name = Debug;
		};
		C684A82928B4B05100F97635 /* Release */ = {
			isa = XCBuildConfiguration;
			buildSettings = {
				ALWAYS_EMBED_SWIFT_STANDARD_LIBRARIES = YES;
				BUNDLE_LOADER = "$(TEST_HOST)";
				CODE_SIGN_STYLE = Automatic;
				CURRENT_PROJECT_VERSION = 1;
				GENERATE_INFOPLIST_FILE = YES;
				IPHONEOS_DEPLOYMENT_TARGET = 15.2;
				MARKETING_VERSION = 1.0;
				PRODUCT_BUNDLE_IDENTIFIER = com.example.LandmarksTests;
				PRODUCT_NAME = "$(TARGET_NAME)";
				SWIFT_EMIT_LOC_STRINGS = NO;
				SWIFT_VERSION = 5.0;
				TARGETED_DEVICE_FAMILY = "1,2";
				TEST_HOST = "$(BUILT_PRODUCTS_DIR)/Landmarks.app/Landmarks";
			};
			name = Release;
		};
		C684A82B28B4B05100F97635 /* Debug */ = {
			isa = XCBuildConfiguration;
			buildSettings = {
				ALWAYS_EMBED_SWIFT_STANDARD_LIBRARIES = YES;
				CODE_SIGN_STYLE = Automatic;
				CURRENT_PROJECT_VERSION = 1;
				GENERATE_INFOPLIST_FILE = YES;
				MARKETING_VERSION = 1.0;
				PRODUCT_BUNDLE_IDENTIFIER = com.example.LandmarksUITests;
				PRODUCT_NAME = "$(TARGET_NAME)";
				SWIFT_EMIT_LOC_STRINGS = NO;
				SWIFT_VERSION = 5.0;
				TARGETED_DEVICE_FAMILY = "1,2";
				TEST_TARGET_NAME = Landmarks;
			};
			name = Debug;
		};
		C684A82C28B4B05100F97635 /* Release */ = {
			isa = XCBuildConfiguration;
			buildSettings = {
				ALWAYS_EMBED_SWIFT_STANDARD_LIBRARIES = YES;
				CODE_SIGN_STYLE = Automatic;
				CURRENT_PROJECT_VERSION = 1;
				GENERATE_INFOPLIST_FILE = YES;
				MARKETING_VERSION = 1.0;
				PRODUCT_BUNDLE_IDENTIFIER = com.example.LandmarksUITests;
				PRODUCT_NAME = "$(TARGET_NAME)";
				SWIFT_EMIT_LOC_STRINGS = NO;
				SWIFT_VERSION = 5.0;
				TARGETED_DEVICE_FAMILY = "1,2";
				TEST_TARGET_NAME = Landmarks;
			};
			name = Release;
		};
/* End XCBuildConfiguration section */

/* Begin XCConfigurationList section */
		C684A7FB28B4B04E00F97635 /* Build configuration list for PBXProject "Landmarks" */ = {
			isa = XCConfigurationList;
			buildConfigurations = (
				C684A82228B4B05100F97635 /* Debug */,
				C684A82328B4B05100F97635 /* Release */,
			);
			defaultConfigurationIsVisible = 0;
			defaultConfigurationName = Release;
		};
		C684A82428B4B05100F97635 /* Build configuration list for PBXNativeTarget "Landmarks" */ = {
			isa = XCConfigurationList;
			buildConfigurations = (
				C684A82528B4B05100F97635 /* Debug */,
				C684A82628B4B05100F97635 /* Release */,
			);
			defaultConfigurationIsVisible = 0;
			defaultConfigurationName = Release;
		};
		C684A82728B4B05100F97635 /* Build configuration list for PBXNativeTarget "LandmarksTests" */ = {
			isa = XCConfigurationList;
			buildConfigurations = (
				C684A82828B4B05100F97635 /* Debug */,
				C684A82928B4B05100F97635 /* Release */,
			);
			defaultConfigurationIsVisible = 0;
			defaultConfigurationName = Release;
		};
		C684A82A28B4B05100F97635 /* Build configuration list for PBXNativeTarget "LandmarksUITests" */ = {
			isa = XCConfigurationList;
			buildConfigurations = (
				C684A82B28B4B05100F97635 /* Debug */,
				C684A82C28B4B05100F97635 /* Release */,
			);
			defaultConfigurationIsVisible = 0;
			defaultConfigurationName = Release;
		};
/* End XCConfigurationList section */
	};
	rootObject = C684A7F828B4B04E00F97635 /* Project object */;
}
